
Microsoft Visual Studio Solution File, Format Version 12.00
# Visual Studio Version 17
VisualStudioVersion = 17.4.33205.214
MinimumVisualStudioVersion = 10.0.40219.1
Project("{9A19103F-16F7-4668-BE54-9A1E7A4F7556}") = "ContactsAPI", "ApiTest\ContactsAPI.csproj", "{51CBDE96-B0C4-4D84-938F-98300A79310C}"
EndProject
Global
	GlobalSection(SolutionConfigurationPlatforms) = preSolution
		Debug|Any CPU = Debug|Any CPU
		Release|Any CPU = Release|Any CPU
	EndGlobalSection
	GlobalSection(ProjectConfigurationPlatforms) = postSolution
		{51CBDE96-B0C4-4D84-938F-98300A79310C}.Debug|Any CPU.ActiveCfg = Debug|Any CPU
		{51CBDE96-B0C4-4D84-938F-98300A79310C}.Debug|Any CPU.Build.0 = Debug|Any CPU
		{51CBDE96-B0C4-4D84-938F-98300A79310C}.Release|Any CPU.ActiveCfg = Release|Any CPU
		{51CBDE96-B0C4-4D84-938F-98300A79310C}.Release|Any CPU.Build.0 = Release|Any CPU
	EndGlobalSection
	GlobalSection(SolutionProperties) = preSolution
		HideSolutionNode = FALSE
	EndGlobalSection
	GlobalSection(ExtensibilityGlobals) = postSolution
		SolutionGuid = {A196E143-1C53-4BCA-923D-7A58EA32BDD6}
	EndGlobalSection
EndGlobal
